
Microsoft Visual Studio Solution File, Format Version 12.00
Project("{2150E333-8FDC-42A3-9474-1A3956D46DE8}") = "src", "src", "{05B401A6-10D8-472E-AC4D-E2F1FE84254A}"
EndProject
Project("{2150E333-8FDC-42A3-9474-1A3956D46DE8}") = "1. Bank.Gateway", "1. Bank.Gateway", "{0EF3F2E5-E864-47D7-9EC6-DFB15989A33E}"
EndProject
Project("{2150E333-8FDC-42A3-9474-1A3956D46DE8}") = "2. Bank.Transaction", "2. Bank.Transaction", "{1F6FFB92-B828-4394-BC5C-D82801B14A17}"
EndProject
Project("{2150E333-8FDC-42A3-9474-1A3956D46DE8}") = "3. Bank.Balance", "3. Bank.Balance", "{83ED7C03-108F-4BA4-904E-0401F8C2DD8C}"
EndProject
Project("{2150E333-8FDC-42A3-9474-1A3956D46DE8}") = "4. Bank.Transfer", "4. Bank.Transfer", "{6AC64322-D711-4921-BEF8-FD3696931E61}"
EndProject
Project("{2150E333-8FDC-42A3-9474-1A3956D46DE8}") = "5. Bank.Notification", "5. Bank.Notification", "{0C01E5C6-CC67-4272-BAD2-D7E48EAAA74E}"
EndProject
Project("{FAE04EC0-301F-11D3-BF4B-00C04F79EFBC}") = "WebApplication1", "src\Bank.Gateway\WebApplication1\WebApplication1.csproj", "{BF4213B6-6780-4C3C-931A-A00D9D9FE299}"
EndProject
Project("{FAE04EC0-301F-11D3-BF4B-00C04F79EFBC}") = "Bank.Transaction.WebAPI", "src\Bank.Transaction\Bank.Transaction.WebAPI\Bank.Transaction.WebAPI.csproj", "{94DD9D6E-8BD7-420F-97FC-8F6CC72FD367}"
EndProject
Project("{FAE04EC0-301F-11D3-BF4B-00C04F79EFBC}") = "Bank.Balance.WebAPI", "src\Bank.Balance\Bank.Balance.WebAPI\Bank.Balance.WebAPI.csproj", "{1CBD2B68-EF12-4AAF-9F85-020AC33FBF08}"
EndProject
Project("{FAE04EC0-301F-11D3-BF4B-00C04F79EFBC}") = "Bank.Transfer.WebAPI", "src\Bank.Transfer\Bank.Transfer.WebAPI\Bank.Transfer.WebAPI.csproj", "{76F89D4E-3D3A-473A-BA01-A4B4E2C88C0E}"
EndProject
Project("{FAE04EC0-301F-11D3-BF4B-00C04F79EFBC}") = "Bank.Notification.WebAPI", "src\Bank.Notification\Bank.Notification.WebAPI\Bank.Notification.WebAPI.csproj", "{EEF05425-325F-45E5-A474-EA2EE4F3D1AE}"
EndProject
Global
	GlobalSection(SolutionConfigurationPlatforms) = preSolution
		Debug|Any CPU = Debug|Any CPU
		Release|Any CPU = Release|Any CPU
	EndGlobalSection
	GlobalSection(NestedProjects) = preSolution
		{0EF3F2E5-E864-47D7-9EC6-DFB15989A33E} = {05B401A6-10D8-472E-AC4D-E2F1FE84254A}
		{1F6FFB92-B828-4394-BC5C-D82801B14A17} = {05B401A6-10D8-472E-AC4D-E2F1FE84254A}
		{83ED7C03-108F-4BA4-904E-0401F8C2DD8C} = {05B401A6-10D8-472E-AC4D-E2F1FE84254A}
		{6AC64322-D711-4921-BEF8-FD3696931E61} = {05B401A6-10D8-472E-AC4D-E2F1FE84254A}
		{0C01E5C6-CC67-4272-BAD2-D7E48EAAA74E} = {05B401A6-10D8-472E-AC4D-E2F1FE84254A}
		{BF4213B6-6780-4C3C-931A-A00D9D9FE299} = {0EF3F2E5-E864-47D7-9EC6-DFB15989A33E}
		{94DD9D6E-8BD7-420F-97FC-8F6CC72FD367} = {1F6FFB92-B828-4394-BC5C-D82801B14A17}
		{1CBD2B68-EF12-4AAF-9F85-020AC33FBF08} = {83ED7C03-108F-4BA4-904E-0401F8C2DD8C}
		{76F89D4E-3D3A-473A-BA01-A4B4E2C88C0E} = {6AC64322-D711-4921-BEF8-FD3696931E61}
		{EEF05425-325F-45E5-A474-EA2EE4F3D1AE} = {0C01E5C6-CC67-4272-BAD2-D7E48EAAA74E}
	EndGlobalSection
	GlobalSection(ProjectConfigurationPlatforms) = postSolution
		{BF4213B6-6780-4C3C-931A-A00D9D9FE299}.Debug|Any CPU.ActiveCfg = Debug|Any CPU
		{BF4213B6-6780-4C3C-931A-A00D9D9FE299}.Debug|Any CPU.Build.0 = Debug|Any CPU
		{BF4213B6-6780-4C3C-931A-A00D9D9FE299}.Release|Any CPU.ActiveCfg = Release|Any CPU
		{BF4213B6-6780-4C3C-931A-A00D9D9FE299}.Release|Any CPU.Build.0 = Release|Any CPU
		{94DD9D6E-8BD7-420F-97FC-8F6CC72FD367}.Debug|Any CPU.ActiveCfg = Debug|Any CPU
		{94DD9D6E-8BD7-420F-97FC-8F6CC72FD367}.Debug|Any CPU.Build.0 = Debug|Any CPU
		{94DD9D6E-8BD7-420F-97FC-8F6CC72FD367}.Release|Any CPU.ActiveCfg = Release|Any CPU
		{94DD9D6E-8BD7-420F-97FC-8F6CC72FD367}.Release|Any CPU.Build.0 = Release|Any CPU
		{1CBD2B68-EF12-4AAF-9F85-020AC33FBF08}.Debug|Any CPU.ActiveCfg = Debug|Any CPU
		{1CBD2B68-EF12-4AAF-9F85-020AC33FBF08}.Debug|Any CPU.Build.0 = Debug|Any CPU
		{1CBD2B68-EF12-4AAF-9F85-020AC33FBF08}.Release|Any CPU.ActiveCfg = Release|Any CPU
		{1CBD2B68-EF12-4AAF-9F85-020AC33FBF08}.Release|Any CPU.Build.0 = Release|Any CPU
		{76F89D4E-3D3A-473A-BA01-A4B4E2C88C0E}.Debug|Any CPU.ActiveCfg = Debug|Any CPU
		{76F89D4E-3D3A-473A-BA01-A4B4E2C88C0E}.Debug|Any CPU.Build.0 = Debug|Any CPU
		{76F89D4E-3D3A-473A-BA01-A4B4E2C88C0E}.Release|Any CPU.ActiveCfg = Release|Any CPU
		{76F89D4E-3D3A-473A-BA01-A4B4E2C88C0E}.Release|Any CPU.Build.0 = Release|Any CPU
		{EEF05425-325F-45E5-A474-EA2EE4F3D1AE}.Debug|Any CPU.ActiveCfg = Debug|Any CPU
		{EEF05425-325F-45E5-A474-EA2EE4F3D1AE}.Debug|Any CPU.Build.0 = Debug|Any CPU
		{EEF05425-325F-45E5-A474-EA2EE4F3D1AE}.Release|Any CPU.ActiveCfg = Release|Any CPU
		{EEF05425-325F-45E5-A474-EA2EE4F3D1AE}.Release|Any CPU.Build.0 = Release|Any CPU
	EndGlobalSection
EndGlobal
